
Microsoft Visual Studio Solution File, Format Version 12.00
# Visual Studio Version 16
VisualStudioVersion = 16.0.30413.136
MinimumVisualStudioVersion = 10.0.40219.1
Project("{9A19103F-16F7-4668-BE54-9A1E7A4F7556}") = "WebApp", "WebApp\WebApp.csproj", "{63D34858-1412-40BC-9A30-39CE8CC85C43}"
EndProject
Project("{9A19103F-16F7-4668-BE54-9A1E7A4F7556}") = "LocationService", "LocationService\LocationService.csproj", "{5331EE41-AAC5-4E4D-933D-E2D65FC2DBB5}"
EndProject
Project("{9A19103F-16F7-4668-BE54-9A1E7A4F7556}") = "Repository", "Repository\Repository.csproj", "{0E47D6C5-4854-4F1E-96C9-621EDE69FB62}"
EndProject
Project("{FAE04EC0-301F-11D3-BF4B-00C04F79EFBC}") = "LocationServiceTests", "LocationServiceTests\LocationServiceTests.csproj", "{0FA347C8-2A1D-4161-855D-7F479D3F8502}"
EndProject
Global
	GlobalSection(SolutionConfigurationPlatforms) = preSolution
		Debug|Any CPU = Debug|Any CPU
		Release|Any CPU = Release|Any CPU
	EndGlobalSection
	GlobalSection(ProjectConfigurationPlatforms) = postSolution
		{63D34858-1412-40BC-9A30-39CE8CC85C43}.Debug|Any CPU.ActiveCfg = Debug|Any CPU
		{63D34858-1412-40BC-9A30-39CE8CC85C43}.Debug|Any CPU.Build.0 = Debug|Any CPU
		{63D34858-1412-40BC-9A30-39CE8CC85C43}.Release|Any CPU.ActiveCfg = Release|Any CPU
		{63D34858-1412-40BC-9A30-39CE8CC85C43}.Release|Any CPU.Build.0 = Release|Any CPU
		{5331EE41-AAC5-4E4D-933D-E2D65FC2DBB5}.Debug|Any CPU.ActiveCfg = Debug|Any CPU
		{5331EE41-AAC5-4E4D-933D-E2D65FC2DBB5}.Debug|Any CPU.Build.0 = Debug|Any CPU
		{5331EE41-AAC5-4E4D-933D-E2D65FC2DBB5}.Release|Any CPU.ActiveCfg = Release|Any CPU
		{5331EE41-AAC5-4E4D-933D-E2D65FC2DBB5}.Release|Any CPU.Build.0 = Release|Any CPU
		{0E47D6C5-4854-4F1E-96C9-621EDE69FB62}.Debug|Any CPU.ActiveCfg = Debug|Any CPU
		{0E47D6C5-4854-4F1E-96C9-621EDE69FB62}.Debug|Any CPU.Build.0 = Debug|Any CPU
		{0E47D6C5-4854-4F1E-96C9-621EDE69FB62}.Release|Any CPU.ActiveCfg = Release|Any CPU
		{0E47D6C5-4854-4F1E-96C9-621EDE69FB62}.Release|Any CPU.Build.0 = Release|Any CPU
		{0FA347C8-2A1D-4161-855D-7F479D3F8502}.Debug|Any CPU.ActiveCfg = Debug|Any CPU
		{0FA347C8-2A1D-4161-855D-7F479D3F8502}.Debug|Any CPU.Build.0 = Debug|Any CPU
		{0FA347C8-2A1D-4161-855D-7F479D3F8502}.Release|Any CPU.ActiveCfg = Release|Any CPU
		{0FA347C8-2A1D-4161-855D-7F479D3F8502}.Release|Any CPU.Build.0 = Release|Any CPU
	EndGlobalSection
	GlobalSection(SolutionProperties) = preSolution
		HideSolutionNode = FALSE
	EndGlobalSection
	GlobalSection(ExtensibilityGlobals) = postSolution
		SolutionGuid = {9ACC4E10-C546-45D4-B5CC-35895AC110DB}
	EndGlobalSection
EndGlobal
